
Microsoft Visual Studio Solution File, Format Version 12.00
# Visual Studio 15
VisualStudioVersion = 15.0.27428.2037
MinimumVisualStudioVersion = 10.0.40219.1
Project("{FAE04EC0-301F-11D3-BF4B-00C04F79EFBC}") = "BitFlyerOrderApp", "BitFlyerOrderTool\BitFlyerOrderApp.csproj", "{C56210DC-EABD-4221-A488-D9BDDCA2FF99}"
EndProject
Global
	GlobalSection(SolutionConfigurationPlatforms) = preSolution
		Debug|Any CPU = Debug|Any CPU
		Release|Any CPU = Release|Any CPU
	EndGlobalSection
	GlobalSection(ProjectConfigurationPlatforms) = postSolution
		{C56210DC-EABD-4221-A488-D9BDDCA2FF99}.Debug|Any CPU.ActiveCfg = Debug|Any CPU
		{C56210DC-EABD-4221-A488-D9BDDCA2FF99}.Debug|Any CPU.Build.0 = Debug|Any CPU
		{C56210DC-EABD-4221-A488-D9BDDCA2FF99}.Release|Any CPU.ActiveCfg = Release|Any CPU
		{C56210DC-EABD-4221-A488-D9BDDCA2FF99}.Release|Any CPU.Build.0 = Release|Any CPU
	EndGlobalSection
	GlobalSection(SolutionProperties) = preSolution
		HideSolutionNode = FALSE
	EndGlobalSection
	GlobalSection(ExtensibilityGlobals) = postSolution
		SolutionGuid = {177EC28C-D762-4B43-8B56-CA141F0DF7F0}
	EndGlobalSection
EndGlobal
